{
  "name": "unittests_in_js",
  "version": "1.0.0",
  "lockfileVersion": 3,
  "requires": true,
  "author": "",
  "description": "",
  "keywords": [],
  "license": "ISC",
  "main": "0-calcul.js",
  "packages": {
    "": {
      "name": "unittests_in_js",
      "version": "1.0.0",
      "license": "ISC",
      "dependencies": {
        "sinon": "^15.2.0"
      },
      "devDependencies": {
        "chai": "^4.3.7",
        "mocha": "^10.2.0"
      }
    },
    "node_modules/chai": {
      "version": "4.3.7",
      "integrity": "sha512-HLnAzZ2iupm25PlN0xFreAlBA5zaBSv3og0DdeGA4Ar6h6rJ3A0rolRUKJhSF2V10GZKDgWF/VmAEsNWjCRB+A==",
      "dev": true,
      "dependencies": {
        "assertion-error": "^1.1.0",
        "check-error": "^1.0.2",
        "deep-eql": "^4.1.2",
        "get-func-name": "^2.0.0",
        "loupe": "^2.3.1",
        "pathval": "^1.1.1",
        "type-detect": "^4.0.5"
      },
      "engines": {
        "node": ">=4"
      }
    },
    "node_modules/mocha": {
      "version": "10.2.0",
      "integrity": "sha512-IDY7fl/BecMwFHzoqF2sg/SHHANeBoMMXFlS9r0OXKDssYE1M5O43wUY/9BVPeIvfH2zmEbBfseqN9gBQZzXkg==",
      "dev": true,
      "dependencies": {
        "ansi-colors": "4.1.1",
        "browser-stdout": "1.3.1",
        "chokidar": "3.5.3",
        "debug": "4.3.4",
        "diff": "5.0.0",
        "escape-string-regexp": "4.0.0",
        "find-up": "5.0.0",
        "glob": "7.2.0",
        "he": "1.2.0",
        "js-yaml": "4.1.0",
        "log-symbols": "4.1.0",
        "minimatch": "5.0.1",
        "ms": "2.1.3",
        "nanoid": "3.3.3",
        "serialize-javascript": "6.0.0",
        "strip-json-comments": "3.1.1",
        "supports-color": "8.1.1",
        "workerpool": "6.2.1",
        "yargs": "16.2.0",
        "yargs-parser": "20.2.4",
        "yargs-unparser": "2.0.0"
      },
      "bin": {
        "_mocha": "bin/_mocha",
        "mocha": "bin/mocha.js"
      },
      "engines": {
        "node": ">= 14.0.0"
      },
      "funding": {
        "type": "opencollective",
        "url": "https://opencollective.com/mochajs"
      }
    },
    "node_modules/sinon": {
      "version": "15.2.0",
      "integrity": "sha512-nPS85arNqwBXaIsFCkolHjGIkFo+Oxu9vbgmBJizLAhqe6P2o3Qmj3KCUoRkfhHtvgDhZdWD3risLHAUJ8npjw==",
      "dependencies": {
        "@sinonjs/commons": "^3.0.0",
        "@sinonjs/fake-timers": "^10.3.0",
        "@sinonjs/samsam": "^8.0.0",
        "diff": "^5.1.0",
        "nise": "^5.1.4",
        "supports-color": "^7.2.0"
      },
      "funding": {
        "type": "opencollective",
        "url": "https://opencollective.com/sinon"
      }
    }
  },
  "scripts": {
    "test": "./node_modules/mocha/bin/mocha"
  }
}
